// !$*UTF8*$!
{
	archiveVersion = 1;
	classes = {
	};
	objectVersion = 77;
	objects = {

/* Begin PBXBuildFile section */
		84C0948B2F51AB70007E6F51 /* PageMarkExtension.appex in Embed Foundation Extensions */ = {isa = PBXBuildFile; fileRef = 84C094722F51AB70007E6F51 /* PageMarkExtension.appex */; settings = {ATTRIBUTES = (RemoveHeadersOnCopy, ); }; };
/* End PBXBuildFile section */

/* Begin PBXContainerItemProxy section */
		84C094522F51AABD007E6F51 /* PBXContainerItemProxy */ = {
			isa = PBXContainerItemProxy;
			containerPortal = 84C0943B2F51AABB007E6F51 /* Project object */;
			proxyType = 1;
			remoteGlobalIDString = 84C094422F51AABB007E6F51;
			remoteInfo = PageMark;
		};
		84C0945C2F51AABD007E6F51 /* PBXContainerItemProxy */ = {
			isa = PBXContainerItemProxy;
			containerPortal = 84C0943B2F51AABB007E6F51 /* Project object */;
			proxyType = 1;
			remoteGlobalIDString = 84C094422F51AABB007E6F51;
			remoteInfo = PageMark;
		};
		84C094892F51AB70007E6F51 /* PBXContainerItemProxy */ = {
			isa = PBXContainerItemProxy;
			containerPortal = 84C0943B2F51AABB007E6F51 /* Project object */;
			proxyType = 1;
			remoteGlobalIDString = 84C094712F51AB70007E6F51;
			remoteInfo = PageMarkExtension;
		};
/* End PBXContainerItemProxy section */

/* Begin PBXCopyFilesBuildPhase section */
		84C094902F51AB70007E6F51 /* Embed Foundation Extensions */ = {
			isa = PBXCopyFilesBuildPhase;
			buildActionMask = 2147483647;
			dstPath = "";
			dstSubfolderSpec = 13;
			files = (
				84C0948B2F51AB70007E6F51 /* PageMarkExtension.appex in Embed Foundation Extensions */,
			);
			name = "Embed Foundation Extensions";
			runOnlyForDeploymentPostprocessing = 0;
		};
/* End PBXCopyFilesBuildPhase section */

/* Begin PBXFileReference section */
		84C094432F51AABB007E6F51 /* PageMark.app */ = {isa = PBXFileReference; explicitFileType = wrapper.application; includeInIndex = 0; path = PageMark.app; sourceTree = BUILT_PRODUCTS_DIR; };
		84C094512F51AABD007E6F51 /* PageMarkTests.xctest */ = {isa = PBXFileReference; explicitFileType = wrapper.cfbundle; includeInIndex = 0; path = PageMarkTests.xctest; sourceTree = BUILT_PRODUCTS_DIR; };
		84C0945B2F51AABD007E6F51 /* PageMarkUITests.xctest */ = {isa = PBXFileReference; explicitFileType = wrapper.cfbundle; includeInIndex = 0; path = PageMarkUITests.xctest; sourceTree = BUILT_PRODUCTS_DIR; };
		84C094722F51AB70007E6F51 /* PageMarkExtension.appex */ = {isa = PBXFileReference; explicitFileType = "wrapper.app-extension"; includeInIndex = 0; path = PageMarkExtension.appex; sourceTree = BUILT_PRODUCTS_DIR; };
/* End PBXFileReference section */

/* Begin PBXFileSystemSynchronizedBuildFileExceptionSet section */
		84C0948C2F51AB70007E6F51 /* Exceptions for "PageMarkExtension" folder in "PageMarkExtension" target */ = {
			isa = PBXFileSystemSynchronizedBuildFileExceptionSet;
			membershipExceptions = (
				Info.plist,
			);
			target = 84C094712F51AB70007E6F51 /* PageMarkExtension */;
		};
		84C094BF2F51AEFA007E6F51 /* Exceptions for "PageMark" folder in "PageMarkExtension" target */ = {
			isa = PBXFileSystemSynchronizedBuildFileExceptionSet;
			membershipExceptions = (
				Models/PinNode.swift,
				Shared/SharedModelContainer.swift,
			);
			target = 84C094712F51AB70007E6F51 /* PageMarkExtension */;
		};
/* End PBXFileSystemSynchronizedBuildFileExceptionSet section */

/* Begin PBXFileSystemSynchronizedRootGroup section */
		84C094452F51AABB007E6F51 /* PageMark */ = {
			isa = PBXFileSystemSynchronizedRootGroup;
			exceptions = (
				84C094BF2F51AEFA007E6F51 /* Exceptions for "PageMark" folder in "PageMarkExtension" target */,
			);
			path = PageMark;
			sourceTree = "<group>";
		};
		84C094542F51AABD007E6F51 /* PageMarkTests */ = {
			isa = PBXFileSystemSynchronizedRootGroup;
			path = PageMarkTests;
			sourceTree = "<group>";
		};
		84C0945E2F51AABD007E6F51 /* PageMarkUITests */ = {
			isa = PBXFileSystemSynchronizedRootGroup;
			path = PageMarkUITests;
			sourceTree = "<group>";
		};
		84C094732F51AB70007E6F51 /* PageMarkExtension */ = {
			isa = PBXFileSystemSynchronizedRootGroup;
			exceptions = (
				84C0948C2F51AB70007E6F51 /* Exceptions for "PageMarkExtension" folder in "PageMarkExtension" target */,
			);
			path = PageMarkExtension;
			sourceTree = "<group>";
		};
/* End PBXFileSystemSynchronizedRootGroup section */

/* Begin PBXFrameworksBuildPhase section */
		84C094402F51AABB007E6F51 /* Frameworks */ = {
			isa = PBXFrameworksBuildPhase;
			buildActionMask = 2147483647;
			files = (
			);
			runOnlyForDeploymentPostprocessing = 0;
		};
		84C0944E2F51AABD007E6F51 /* Frameworks */ = {
			isa = PBXFrameworksBuildPhase;
			buildActionMask = 2147483647;
			files = (
			);
			runOnlyForDeploymentPostprocessing = 0;
		};
		84C094582F51AABD007E6F51 /* Frameworks */ = {
			isa = PBXFrameworksBuildPhase;
			buildActionMask = 2147483647;
			files = (
			);
			runOnlyForDeploymentPostprocessing = 0;
		};
		84C0946F2F51AB70007E6F51 /* Frameworks */ = {
			isa = PBXFrameworksBuildPhase;
			buildActionMask = 2147483647;
			files = (
			);
			runOnlyForDeploymentPostprocessing = 0;
		};
/* End PBXFrameworksBuildPhase section */

/* Begin PBXGroup section */
		84C0943A2F51AABB007E6F51 = {
			isa = PBXGroup;
			children = (
				84C094452F51AABB007E6F51 /* PageMark */,
				84C094542F51AABD007E6F51 /* PageMarkTests */,
				84C0945E2F51AABD007E6F51 /* PageMarkUITests */,
				84C094732F51AB70007E6F51 /* PageMarkExtension */,
				84C094442F51AABB007E6F51 /* Products */,
			);
			sourceTree = "<group>";
		};
		84C094442F51AABB007E6F51 /* Products */ = {
			isa = PBXGroup;
			children = (
				84C094432F51AABB007E6F51 /* PageMark.app */,
				84C094512F51AABD007E6F51 /* PageMarkTests.xctest */,
				84C0945B2F51AABD007E6F51 /* PageMarkUITests.xctest */,
				84C094722F51AB70007E6F51 /* PageMarkExtension.appex */,
			);
			name = Products;
			sourceTree = "<group>";
		};
/* End PBXGroup section */

/* Begin PBXNativeTarget section */
		84C094422F51AABB007E6F51 /* PageMark */ = {
			isa = PBXNativeTarget;
			buildConfigurationList = 84C094652F51AABD007E6F51 /* Build configuration list for PBXNativeTarget "PageMark" */;
			buildPhases = (
				84C0943F2F51AABB007E6F51 /* Sources */,
				84C094402F51AABB007E6F51 /* Frameworks */,
				84C094412F51AABB007E6F51 /* Resources */,
				84C094902F51AB70007E6F51 /* Embed Foundation Extensions */,
			);
			buildRules = (
			);
			dependencies = (
				84C0948A2F51AB70007E6F51 /* PBXTargetDependency */,
			);
			fileSystemSynchronizedGroups = (
				84C094452F51AABB007E6F51 /* PageMark */,
			);
			name = PageMark;
			packageProductDependencies = (
			);
			productName = PageMark;
			productReference = 84C094432F51AABB007E6F51 /* PageMark.app */;
			productType = "com.apple.product-type.application";
		};
		84C094502F51AABD007E6F51 /* PageMarkTests */ = {
			isa = PBXNativeTarget;
			buildConfigurationList = 84C094682F51AABD007E6F51 /* Build configuration list for PBXNativeTarget "PageMarkTests" */;
			buildPhases = (
				84C0944D2F51AABD007E6F51 /* Sources */,
				84C0944E2F51AABD007E6F51 /* Frameworks */,
				84C0944F2F51AABD007E6F51 /* Resources */,
			);
			buildRules = (
			);
			dependencies = (
				84C094532F51AABD007E6F51 /* PBXTargetDependency */,
			);
			fileSystemSynchronizedGroups = (
				84C094542F51AABD007E6F51 /* PageMarkTests */,
			);
			name = PageMarkTests;
			packageProductDependencies = (
			);
			productName = PageMarkTests;
			productReference = 84C094512F51AABD007E6F51 /* PageMarkTests.xctest */;
			productType = "com.apple.product-type.bundle.unit-test";
		};
		84C0945A2F51AABD007E6F51 /* PageMarkUITests */ = {
			isa = PBXNativeTarget;
			buildConfigurationList = 84C0946B2F51AABD007E6F51 /* Build configuration list for PBXNativeTarget "PageMarkUITests" */;
			buildPhases = (
				84C094572F51AABD007E6F51 /* Sources */,
				84C094582F51AABD007E6F51 /* Frameworks */,
				84C094592F51AABD007E6F51 /* Resources */,
			);
			buildRules = (
			);
			dependencies = (
				84C0945D2F51AABD007E6F51 /* PBXTargetDependency */,
			);
			fileSystemSynchronizedGroups = (
				84C0945E2F51AABD007E6F51 /* PageMarkUITests */,
			);
			name = PageMarkUITests;
			packageProductDependencies = (
			);
			productName = PageMarkUITests;
			productReference = 84C0945B2F51AABD007E6F51 /* PageMarkUITests.xctest */;
			productType = "com.apple.product-type.bundle.ui-testing";
		};
		84C094712F51AB70007E6F51 /* PageMarkExtension */ = {
			isa = PBXNativeTarget;
			buildConfigurationList = 84C0948D2F51AB70007E6F51 /* Build configuration list for PBXNativeTarget "PageMarkExtension" */;
			buildPhases = (
				84C0946E2F51AB70007E6F51 /* Sources */,
				84C0946F2F51AB70007E6F51 /* Frameworks */,
				84C094702F51AB70007E6F51 /* Resources */,
			);
			buildRules = (
			);
			dependencies = (
			);
			fileSystemSynchronizedGroups = (
				84C094732F51AB70007E6F51 /* PageMarkExtension */,
			);
			name = PageMarkExtension;
			packageProductDependencies = (
			);
			productName = PageMarkExtension;
			productReference = 84C094722F51AB70007E6F51 /* PageMarkExtension.appex */;
			productType = "com.apple.product-type.app-extension";
		};
/* End PBXNativeTarget section */

/* Begin PBXProject section */
		84C0943B2F51AABB007E6F51 /* Project object */ = {
			isa = PBXProject;
			attributes = {
				BuildIndependentTargetsInParallel = 1;
				LastSwiftUpdateCheck = 1640;
				LastUpgradeCheck = 1640;
				TargetAttributes = {
					84C094422F51AABB007E6F51 = {
						CreatedOnToolsVersion = 16.4;
					};
					84C094502F51AABD007E6F51 = {
						CreatedOnToolsVersion = 16.4;
						TestTargetID = 84C094422F51AABB007E6F51;
					};
					84C0945A2F51AABD007E6F51 = {
						CreatedOnToolsVersion = 16.4;
						TestTargetID = 84C094422F51AABB007E6F51;
					};
					84C094712F51AB70007E6F51 = {
						CreatedOnToolsVersion = 16.4;
						LastSwiftMigration = 1640;
					};
				};
			};
			buildConfigurationList = 84C0943E2F51AABB007E6F51 /* Build configuration list for PBXProject "PageMark" */;
			developmentRegion = en;
			hasScannedForEncodings = 0;
			knownRegions = (
				en,
				Base,
			);
			mainGroup = 84C0943A2F51AABB007E6F51;
			minimizedProjectReferenceProxies = 1;
			preferredProjectObjectVersion = 77;
			productRefGroup = 84C094442F51AABB007E6F51 /* Products */;
			projectDirPath = "";
			projectRoot = "";
			targets = (
				84C094422F51AABB007E6F51 /* PageMark */,
				84C094502F51AABD007E6F51 /* PageMarkTests */,
				84C0945A2F51AABD007E6F51 /* PageMarkUITests */,
				84C094712F51AB70007E6F51 /* PageMarkExtension */,
			);
		};
/* End PBXProject section */

/* Begin PBXResourcesBuildPhase section */
		84C094412F51AABB007E6F51 /* Resources */ = {
			isa = PBXResourcesBuildPhase;
			buildActionMask = 2147483647;
			files = (
			);
			runOnlyForDeploymentPostprocessing = 0;
		};
		84C0944F2F51AABD007E6F51 /* Resources */ = {
			isa = PBXResourcesBuildPhase;
			buildActionMask = 2147483647;
			files = (
			);
			runOnlyForDeploymentPostprocessing = 0;
		};
		84C094592F51AABD007E6F51 /* Resources */ = {
			isa = PBXResourcesBuildPhase;
			buildActionMask = 2147483647;
			files = (
			);
			runOnlyForDeploymentPostprocessing = 0;
		};
		84C094702F51AB70007E6F51 /* Resources */ = {
			isa = PBXResourcesBuildPhase;
			buildActionMask = 2147483647;
			files = (
			);
			runOnlyForDeploymentPostprocessing = 0;
		};
/* End PBXResourcesBuildPhase section */

/* Begin PBXSourcesBuildPhase section */
		84C0943F2F51AABB007E6F51 /* Sources */ = {
			isa = PBXSourcesBuildPhase;
			buildActionMask = 2147483647;
			files = (
			);
			runOnlyForDeploymentPostprocessing = 0;
		};
		84C0944D2F51AABD007E6F51 /* Sources */ = {
			isa = PBXSourcesBuildPhase;
			buildActionMask = 2147483647;
			files = (
			);
			runOnlyForDeploymentPostprocessing = 0;
		};
		84C094572F51AABD007E6F51 /* Sources */ = {
			isa = PBXSourcesBuildPhase;
			buildActionMask = 2147483647;
			files = (
			);
			runOnlyForDeploymentPostprocessing = 0;
		};
		84C0946E2F51AB70007E6F51 /* Sources */ = {
			isa = PBXSourcesBuildPhase;
			buildActionMask = 2147483647;
			files = (
			);
			runOnlyForDeploymentPostprocessing = 0;
		};
/* End PBXSourcesBuildPhase section */

/* Begin PBXTargetDependency section */
		84C094532F51AABD007E6F51 /* PBXTargetDependency */ = {
			isa = PBXTargetDependency;
			target = 84C094422F51AABB007E6F51 /* PageMark */;
			targetProxy = 84C094522F51AABD007E6F51 /* PBXContainerItemProxy */;
		};
		84C0945D2F51AABD007E6F51 /* PBXTargetDependency */ = {
			isa = PBXTargetDependency;
			target = 84C094422F51AABB007E6F51 /* PageMark */;
			targetProxy = 84C0945C2F51AABD007E6F51 /* PBXContainerItemProxy */;
		};
		84C0948A2F51AB70007E6F51 /* PBXTargetDependency */ = {
			isa = PBXTargetDependency;
			target = 84C094712F51AB70007E6F51 /* PageMarkExtension */;
			targetProxy = 84C094892F51AB70007E6F51 /* PBXContainerItemProxy */;
		};
/* End PBXTargetDependency section */

/* Begin XCBuildConfiguration section */
		84C094632F51AABD007E6F51 /* Debug */ = {
			isa = XCBuildConfiguration;
			buildSettings = {
				ALWAYS_SEARCH_USER_PATHS = NO;
				ASSETCATALOG_COMPILER_GENERATE_SWIFT_ASSET_SYMBOL_EXTENSIONS = YES;
				CLANG_ANALYZER_NONNULL = YES;
				CLANG_ANALYZER_NUMBER_OBJECT_CONVERSION = YES_AGGRESSIVE;
				CLANG_CXX_LANGUAGE_STANDARD = "gnu++20";
				CLANG_ENABLE_MODULES = YES;
				CLANG_ENABLE_OBJC_ARC = YES;
				CLANG_ENABLE_OBJC_WEAK = YES;
				CLANG_WARN_BLOCK_CAPTURE_AUTORELEASING = YES;
				CLANG_WARN_BOOL_CONVERSION = YES;
				CLANG_WARN_COMMA = YES;
				CLANG_WARN_CONSTANT_CONVERSION = YES;
				CLANG_WARN_DEPRECATED_OBJC_IMPLEMENTATIONS = YES;
				CLANG_WARN_DIRECT_OBJC_ISA_USAGE = YES_ERROR;
				CLANG_WARN_DOCUMENTATION_COMMENTS = YES;
				CLANG_WARN_EMPTY_BODY = YES;
				CLANG_WARN_ENUM_CONVERSION = YES;
				CLANG_WARN_INFINITE_RECURSION = YES;
				CLANG_WARN_INT_CONVERSION = YES;
				CLANG_WARN_NON_LITERAL_NULL_CONVERSION = YES;
				CLANG_WARN_OBJC_IMPLICIT_RETAIN_SELF = YES;
				CLANG_WARN_OBJC_LITERAL_CONVERSION = YES;
				CLANG_WARN_OBJC_ROOT_CLASS = YES_ERROR;
				CLANG_WARN_QUOTED_INCLUDE_IN_FRAMEWORK_HEADER = YES;
				CLANG_WARN_RANGE_LOOP_ANALYSIS = YES;
				CLANG_WARN_STRICT_PROTOTYPES = YES;
				CLANG_WARN_SUSPICIOUS_MOVE = YES;
				CLANG_WARN_UNGUARDED_AVAILABILITY = YES_AGGRESSIVE;
				CLANG_WARN_UNREACHABLE_CODE = YES;
				CLANG_WARN__DUPLICATE_METHOD_MATCH = YES;
				COPY_PHASE_STRIP = NO;
				DEBUG_INFORMATION_FORMAT = dwarf;
				ENABLE_STRICT_OBJC_MSGSEND = YES;
				ENABLE_TESTABILITY = YES;
				ENABLE_USER_SCRIPT_SANDBOXING = YES;
				GCC_C_LANGUAGE_STANDARD = gnu17;
				GCC_DYNAMIC_NO_PIC = NO;
				GCC_NO_COMMON_BLOCKS = YES;
				GCC_OPTIMIZATION_LEVEL = 0;
				GCC_PREPROCESSOR_DEFINITIONS = (
					"DEBUG=1",
					"$(inherited)",
				);
				GCC_WARN_64_TO_32_BIT_CONVERSION = YES;
				GCC_WARN_ABOUT_RETURN_TYPE = YES_ERROR;
				GCC_WARN_UNDECLARED_SELECTOR = YES;
				GCC_WARN_UNINITIALIZED_AUTOS = YES_AGGRESSIVE;
				GCC_WARN_UNUSED_FUNCTION = YES;
				GCC_WARN_UNUSED_VARIABLE = YES;
				LOCALIZATION_PREFERS_STRING_CATALOGS = YES;
				MACOSX_DEPLOYMENT_TARGET = 15.3;
				MTL_ENABLE_DEBUG_INFO = INCLUDE_SOURCE;
				MTL_FAST_MATH = YES;
				ONLY_ACTIVE_ARCH = YES;
				SDKROOT = macosx;
				SWIFT_ACTIVE_COMPILATION_CONDITIONS = "DEBUG $(inherited)";
				SWIFT_OPTIMIZATION_LEVEL = "-Onone";
			};
			name = Debug;
		};
		84C094642F51AABD007E6F51 /* Release */ = {
			isa = XCBuildConfiguration;
			buildSettings = {
				ALWAYS_SEARCH_USER_PATHS = NO;
				ASSETCATALOG_COMPILER_GENERATE_SWIFT_ASSET_SYMBOL_EXTENSIONS = YES;
				CLANG_ANALYZER_NONNULL = YES;
				CLANG_ANALYZER_NUMBER_OBJECT_CONVERSION = YES_AGGRESSIVE;
				CLANG_CXX_LANGUAGE_STANDARD = "gnu++20";
				CLANG_ENABLE_MODULES = YES;
				CLANG_ENABLE_OBJC_ARC = YES;
				CLANG_ENABLE_OBJC_WEAK = YES;
				CLANG_WARN_BLOCK_CAPTURE_AUTORELEASING = YES;
				CLANG_WARN_BOOL_CONVERSION = YES;
				CLANG_WARN_COMMA = YES;
				CLANG_WARN_CONSTANT_CONVERSION = YES;
				CLANG_WARN_DEPRECATED_OBJC_IMPLEMENTATIONS = YES;
				CLANG_WARN_DIRECT_OBJC_ISA_USAGE = YES_ERROR;
				CLANG_WARN_DOCUMENTATION_COMMENTS = YES;
				CLANG_WARN_EMPTY_BODY = YES;
				CLANG_WARN_ENUM_CONVERSION = YES;
				CLANG_WARN_INFINITE_RECURSION = YES;
				CLANG_WARN_INT_CONVERSION = YES;
				CLANG_WARN_NON_LITERAL_NULL_CONVERSION = YES;
				CLANG_WARN_OBJC_IMPLICIT_RETAIN_SELF = YES;
				CLANG_WARN_OBJC_LITERAL_CONVERSION = YES;
				CLANG_WARN_OBJC_ROOT_CLASS = YES_ERROR;
				CLANG_WARN_QUOTED_INCLUDE_IN_FRAMEWORK_HEADER = YES;
				CLANG_WARN_RANGE_LOOP_ANALYSIS = YES;
				CLANG_WARN_STRICT_PROTOTYPES = YES;
				CLANG_WARN_SUSPICIOUS_MOVE = YES;
				CLANG_WARN_UNGUARDED_AVAILABILITY = YES_AGGRESSIVE;
				CLANG_WARN_UNREACHABLE_CODE = YES;
				CLANG_WARN__DUPLICATE_METHOD_MATCH = YES;
				COPY_PHASE_STRIP = NO;
				DEBUG_INFORMATION_FORMAT = "dwarf-with-dsym";
				ENABLE_NS_ASSERTIONS = NO;
				ENABLE_STRICT_OBJC_MSGSEND = YES;
				ENABLE_USER_SCRIPT_SANDBOXING = YES;
				GCC_C_LANGUAGE_STANDARD = gnu17;
				GCC_NO_COMMON_BLOCKS = YES;
				GCC_WARN_64_TO_32_BIT_CONVERSION = YES;
				GCC_WARN_ABOUT_RETURN_TYPE = YES_ERROR;
				GCC_WARN_UNDECLARED_SELECTOR = YES;
				GCC_WARN_UNINITIALIZED_AUTOS = YES_AGGRESSIVE;
				GCC_WARN_UNUSED_FUNCTION = YES;
				GCC_WARN_UNUSED_VARIABLE = YES;
				LOCALIZATION_PREFERS_STRING_CATALOGS = YES;
				MACOSX_DEPLOYMENT_TARGET = 15.3;
				MTL_ENABLE_DEBUG_INFO = NO;
				MTL_FAST_MATH = YES;
				SDKROOT = macosx;
				SWIFT_COMPILATION_MODE = wholemodule;
			};
			name = Release;
		};
		84C094662F51AABD007E6F51 /* Debug */ = {
			isa = XCBuildConfiguration;
			buildSettings = {
				ASSETCATALOG_COMPILER_APPICON_NAME = AppIcon;
				ASSETCATALOG_COMPILER_GLOBAL_ACCENT_COLOR_NAME = AccentColor;
				CODE_SIGN_ENTITLEMENTS = PageMark/PageMark.entitlements;
				CODE_SIGN_STYLE = Automatic;
				COMBINE_HIDPI_IMAGES = YES;
				CURRENT_PROJECT_VERSION = 1;
				DEVELOPMENT_TEAM = Z9GYQVHRQV;
				ENABLE_PREVIEWS = YES;
				GENERATE_INFOPLIST_FILE = YES;
				INFOPLIST_KEY_NSHumanReadableCopyright = "";
				LD_RUNPATH_SEARCH_PATHS = (
					"$(inherited)",
					"@executable_path/../Frameworks",
				);
				MACOSX_DEPLOYMENT_TARGET = 15.0;
				MARKETING_VERSION = 1.0;
				PRODUCT_BUNDLE_IDENTIFIER = com.seanja.PageMark;
				PRODUCT_NAME = "$(TARGET_NAME)";
				REGISTER_APP_GROUPS = YES;
				SWIFT_EMIT_LOC_STRINGS = YES;
				SWIFT_VERSION = 5.0;
			};
			name = Debug;
		};
		84C094672F51AABD007E6F51 /* Release */ = {
			isa = XCBuildConfiguration;
			buildSettings = {
				ASSETCATALOG_COMPILER_APPICON_NAME = AppIcon;
				ASSETCATALOG_COMPILER_GLOBAL_ACCENT_COLOR_NAME = AccentColor;
				CODE_SIGN_ENTITLEMENTS = PageMark/PageMark.entitlements;
				CODE_SIGN_STYLE = Automatic;
				COMBINE_HIDPI_IMAGES = YES;
				CURRENT_PROJECT_VERSION = 1;
				DEVELOPMENT_TEAM = Z9GYQVHRQV;
				ENABLE_PREVIEWS = YES;
				GENERATE_INFOPLIST_FILE = YES;
				INFOPLIST_KEY_NSHumanReadableCopyright = "";
				LD_RUNPATH_SEARCH_PATHS = (
					"$(inherited)",
					"@executable_path/../Frameworks",
				);
				MACOSX_DEPLOYMENT_TARGET = 15.0;
				MARKETING_VERSION = 1.0;
				PRODUCT_BUNDLE_IDENTIFIER = com.seanja.PageMark;
				PRODUCT_NAME = "$(TARGET_NAME)";
				REGISTER_APP_GROUPS = YES;
				SWIFT_EMIT_LOC_STRINGS = YES;
				SWIFT_VERSION = 5.0;
			};
			name = Release;
		};
		84C094692F51AABD007E6F51 /* Debug */ = {
			isa = XCBuildConfiguration;
			buildSettings = {
				BUNDLE_LOADER = "$(TEST_HOST)";
				CODE_SIGN_STYLE = Automatic;
				CURRENT_PROJECT_VERSION = 1;
				GENERATE_INFOPLIST_FILE = YES;
				MACOSX_DEPLOYMENT_TARGET = 15.3;
				MARKETING_VERSION = 1.0;
				PRODUCT_BUNDLE_IDENTIFIER = com.seanja.PageMarkTests;
				PRODUCT_NAME = "$(TARGET_NAME)";
				SWIFT_EMIT_LOC_STRINGS = NO;
				SWIFT_VERSION = 5.0;
				TEST_HOST = "$(BUILT_PRODUCTS_DIR)/PageMark.app/$(BUNDLE_EXECUTABLE_FOLDER_PATH)/PageMark";
			};
			name = Debug;
		};
		84C0946A2F51AABD007E6F51 /* Release */ = {
			isa = XCBuildConfiguration;
			buildSettings = {
				BUNDLE_LOADER = "$(TEST_HOST)";
				CODE_SIGN_STYLE = Automatic;
				CURRENT_PROJECT_VERSION = 1;
				GENERATE_INFOPLIST_FILE = YES;
				MACOSX_DEPLOYMENT_TARGET = 15.3;
				MARKETING_VERSION = 1.0;
				PRODUCT_BUNDLE_IDENTIFIER = com.seanja.PageMarkTests;
				PRODUCT_NAME = "$(TARGET_NAME)";
				SWIFT_EMIT_LOC_STRINGS = NO;
				SWIFT_VERSION = 5.0;
				TEST_HOST = "$(BUILT_PRODUCTS_DIR)/PageMark.app/$(BUNDLE_EXECUTABLE_FOLDER_PATH)/PageMark";
			};
			name = Release;
		};
		84C0946C2F51AABD007E6F51 /* Debug */ = {
			isa = XCBuildConfiguration;
			buildSettings = {
				CODE_SIGN_STYLE = Automatic;
				CURRENT_PROJECT_VERSION = 1;
				GENERATE_INFOPLIST_FILE = YES;
				MARKETING_VERSION = 1.0;
				PRODUCT_BUNDLE_IDENTIFIER = com.seanja.PageMarkUITests;
				PRODUCT_NAME = "$(TARGET_NAME)";
				SWIFT_EMIT_LOC_STRINGS = NO;
				SWIFT_VERSION = 5.0;
				TEST_TARGET_NAME = PageMark;
			};
			name = Debug;
		};
		84C0946D2F51AABD007E6F51 /* Release */ = {
			isa = XCBuildConfiguration;
			buildSettings = {
				CODE_SIGN_STYLE = Automatic;
				CURRENT_PROJECT_VERSION = 1;
				GENERATE_INFOPLIST_FILE = YES;
				MARKETING_VERSION = 1.0;
				PRODUCT_BUNDLE_IDENTIFIER = com.seanja.PageMarkUITests;
				PRODUCT_NAME = "$(TARGET_NAME)";
				SWIFT_EMIT_LOC_STRINGS = NO;
				SWIFT_VERSION = 5.0;
				TEST_TARGET_NAME = PageMark;
			};
			name = Release;
		};
		84C0948E2F51AB70007E6F51 /* Debug */ = {
			isa = XCBuildConfiguration;
			buildSettings = {
				CLANG_ENABLE_MODULES = YES;
				CODE_SIGN_ENTITLEMENTS = PageMarkExtension/PageMarkExtension.entitlements;
				CODE_SIGN_STYLE = Automatic;
				CURRENT_PROJECT_VERSION = 1;
				DEVELOPMENT_TEAM = Z9GYQVHRQV;
				ENABLE_HARDENED_RUNTIME = YES;
				GENERATE_INFOPLIST_FILE = YES;
				INFOPLIST_FILE = PageMarkExtension/Info.plist;
				INFOPLIST_KEY_CFBundleDisplayName = PageMarkExtension;
				INFOPLIST_KEY_NSHumanReadableCopyright = "";
				LD_RUNPATH_SEARCH_PATHS = (
					"$(inherited)",
					"@executable_path/../Frameworks",
					"@executable_path/../../../../Frameworks",
				);
				MACOSX_DEPLOYMENT_TARGET = 15.0;
				MARKETING_VERSION = 1.0;
				OTHER_LDFLAGS = (
					"-framework",
					SafariServices,
				);
				PRODUCT_BUNDLE_IDENTIFIER = com.seanja.PageMark.PageMarkExtension;
				PRODUCT_NAME = "$(TARGET_NAME)";
				REGISTER_APP_GROUPS = YES;
				SKIP_INSTALL = YES;
				SWIFT_EMIT_LOC_STRINGS = YES;
				SWIFT_OBJC_BRIDGING_HEADER = "PageMarkExtension/PageMarkExtension-Bridging-Header.h";
				SWIFT_OPTIMIZATION_LEVEL = "-Onone";
				SWIFT_VERSION = 5.0;
			};
			name = Debug;
		};
		84C0948F2F51AB70007E6F51 /* Release */ = {
			isa = XCBuildConfiguration;
			buildSettings = {
				CLANG_ENABLE_MODULES = YES;
				CODE_SIGN_ENTITLEMENTS = PageMarkExtension/PageMarkExtension.entitlements;
				CODE_SIGN_STYLE = Automatic;
				CURRENT_PROJECT_VERSION = 1;
				DEVELOPMENT_TEAM = Z9GYQVHRQV;
				ENABLE_HARDENED_RUNTIME = YES;
				GENERATE_INFOPLIST_FILE = YES;
				INFOPLIST_FILE = PageMarkExtension/Info.plist;
				INFOPLIST_KEY_CFBundleDisplayName = PageMarkExtension;
				INFOPLIST_KEY_NSHumanReadableCopyright = "";
				LD_RUNPATH_SEARCH_PATHS = (
					"$(inherited)",
					"@executable_path/../Frameworks",
					"@executable_path/../../../../Frameworks",
				);
				MACOSX_DEPLOYMENT_TARGET = 15.0;
				MARKETING_VERSION = 1.0;
				OTHER_LDFLAGS = (
					"-framework",
					SafariServices,
				);
				PRODUCT_BUNDLE_IDENTIFIER = com.seanja.PageMark.PageMarkExtension;
				PRODUCT_NAME = "$(TARGET_NAME)";
				REGISTER_APP_GROUPS = YES;
				SKIP_INSTALL = YES;
				SWIFT_EMIT_LOC_STRINGS = YES;
				SWIFT_OBJC_BRIDGING_HEADER = "PageMarkExtension/PageMarkExtension-Bridging-Header.h";
				SWIFT_VERSION = 5.0;
			};
			name = Release;
		};
/* End XCBuildConfiguration section */

/* Begin XCConfigurationList section */
		84C0943E2F51AABB007E6F51 /* Build configuration list for PBXProject "PageMark" */ = {
			isa = XCConfigurationList;
			buildConfigurations = (
				84C094632F51AABD007E6F51 /* Debug */,
				84C094642F51AABD007E6F51 /* Release */,
			);
			defaultConfigurationIsVisible = 0;
			defaultConfigurationName = Release;
		};
		84C094652F51AABD007E6F51 /* Build configuration list for PBXNativeTarget "PageMark" */ = {
			isa = XCConfigurationList;
			buildConfigurations = (
				84C094662F51AABD007E6F51 /* Debug */,
				84C094672F51AABD007E6F51 /* Release */,
			);
			defaultConfigurationIsVisible = 0;
			defaultConfigurationName = Release;
		};
		84C094682F51AABD007E6F51 /* Build configuration list for PBXNativeTarget "PageMarkTests" */ = {
			isa = XCConfigurationList;
			buildConfigurations = (
				84C094692F51AABD007E6F51 /* Debug */,
				84C0946A2F51AABD007E6F51 /* Release */,
			);
			defaultConfigurationIsVisible = 0;
			defaultConfigurationName = Release;
		};
		84C0946B2F51AABD007E6F51 /* Build configuration list for PBXNativeTarget "PageMarkUITests" */ = {
			isa = XCConfigurationList;
			buildConfigurations = (
				84C0946C2F51AABD007E6F51 /* Debug */,
				84C0946D2F51AABD007E6F51 /* Release */,
			);
			defaultConfigurationIsVisible = 0;
			defaultConfigurationName = Release;
		};
		84C0948D2F51AB70007E6F51 /* Build configuration list for PBXNativeTarget "PageMarkExtension" */ = {
			isa = XCConfigurationList;
			buildConfigurations = (
				84C0948E2F51AB70007E6F51 /* Debug */,
				84C0948F2F51AB70007E6F51 /* Release */,
			);
			defaultConfigurationIsVisible = 0;
			defaultConfigurationName = Release;
		};
/* End XCConfigurationList section */
	};
	rootObject = 84C0943B2F51AABB007E6F51 /* Project object */;
}
